
Microsoft Visual Studio Solution File, Format Version 12.00
# Visual Studio Version 17
VisualStudioVersion = 17.14.36203.30 d17.14
MinimumVisualStudioVersion = 10.0.40219.1
Project("{FAE04EC0-301F-11D3-BF4B-00C04F79EFBC}") = "PersistanceToolkit", "PersistanceToolkit\PersistanceToolkit.csproj", "{615AAD0C-30A3-4BA5-B9BB-3AA185E17C12}"
EndProject
Project("{2150E333-8FDC-42A3-9474-1A3956D46DE8}") = "Specification", "Specification", "{02EA681E-C7D8-13C7-8484-4AC65E1B71E8}"
EndProject
Project("{FAE04EC0-301F-11D3-BF4B-00C04F79EFBC}") = "Ardalis.Specification", "Specification\Ardalis.Specification\Ardalis.Specification.csproj", "{85C9759C-1B64-4D8D-5F7F-479FE0AEA405}"
EndProject
Project("{FAE04EC0-301F-11D3-BF4B-00C04F79EFBC}") = "Ardalis.Specification.EntityFrameworkCore", "Specification\Ardalis.Specification.EntityFrameworkCore\Ardalis.Specification.EntityFrameworkCore.csproj", "{078340F3-67D6-F03F-6E5B-71AF37B3EB0C}"
EndProject
Project("{FAE04EC0-301F-11D3-BF4B-00C04F79EFBC}") = "PersistanceToolkit.Tests", "PersistanceToolkit.Tests\PersistanceToolkit.Tests.csproj", "{60FC3A18-9724-4B31-B395-E811F76D7442}"
EndProject
Global
	GlobalSection(SolutionConfigurationPlatforms) = preSolution
		Debug|Any CPU = Debug|Any CPU
		Release|Any CPU = Release|Any CPU
	EndGlobalSection
	GlobalSection(ProjectConfigurationPlatforms) = postSolution
		{615AAD0C-30A3-4BA5-B9BB-3AA185E17C12}.Debug|Any CPU.ActiveCfg = Debug|Any CPU
		{615AAD0C-30A3-4BA5-B9BB-3AA185E17C12}.Debug|Any CPU.Build.0 = Debug|Any CPU
		{615AAD0C-30A3-4BA5-B9BB-3AA185E17C12}.Release|Any CPU.ActiveCfg = Release|Any CPU
		{615AAD0C-30A3-4BA5-B9BB-3AA185E17C12}.Release|Any CPU.Build.0 = Release|Any CPU
		{85C9759C-1B64-4D8D-5F7F-479FE0AEA405}.Debug|Any CPU.ActiveCfg = Debug|Any CPU
		{85C9759C-1B64-4D8D-5F7F-479FE0AEA405}.Debug|Any CPU.Build.0 = Debug|Any CPU
		{85C9759C-1B64-4D8D-5F7F-479FE0AEA405}.Release|Any CPU.ActiveCfg = Release|Any CPU
		{85C9759C-1B64-4D8D-5F7F-479FE0AEA405}.Release|Any CPU.Build.0 = Release|Any CPU
		{078340F3-67D6-F03F-6E5B-71AF37B3EB0C}.Debug|Any CPU.ActiveCfg = Debug|Any CPU
		{078340F3-67D6-F03F-6E5B-71AF37B3EB0C}.Debug|Any CPU.Build.0 = Debug|Any CPU
		{078340F3-67D6-F03F-6E5B-71AF37B3EB0C}.Release|Any CPU.ActiveCfg = Release|Any CPU
		{078340F3-67D6-F03F-6E5B-71AF37B3EB0C}.Release|Any CPU.Build.0 = Release|Any CPU
		{60FC3A18-9724-4B31-B395-E811F76D7442}.Debug|Any CPU.ActiveCfg = Debug|Any CPU
		{60FC3A18-9724-4B31-B395-E811F76D7442}.Debug|Any CPU.Build.0 = Debug|Any CPU
		{60FC3A18-9724-4B31-B395-E811F76D7442}.Release|Any CPU.ActiveCfg = Release|Any CPU
		{60FC3A18-9724-4B31-B395-E811F76D7442}.Release|Any CPU.Build.0 = Release|Any CPU
	EndGlobalSection
	GlobalSection(SolutionProperties) = preSolution
		HideSolutionNode = FALSE
	EndGlobalSection
	GlobalSection(NestedProjects) = preSolution
		{85C9759C-1B64-4D8D-5F7F-479FE0AEA405} = {02EA681E-C7D8-13C7-8484-4AC65E1B71E8}
		{078340F3-67D6-F03F-6E5B-71AF37B3EB0C} = {02EA681E-C7D8-13C7-8484-4AC65E1B71E8}
	EndGlobalSection
	GlobalSection(ExtensibilityGlobals) = postSolution
		SolutionGuid = {481FEF30-05EC-4AB3-BE12-0AB095FE4407}
	EndGlobalSection
EndGlobal
